
Microsoft Visual Studio Solution File, Format Version 12.00
# Visual Studio Version 16
VisualStudioVersion = 16.0.30002.166
MinimumVisualStudioVersion = 10.0.40219.1
Project("{FAE04EC0-301F-11D3-BF4B-00C04F79EFBC}") = "Nhom15", "Nhom15.csproj", "{14D66069-C5B3-4620-B897-1307C486938E}"
EndProject
Global
	GlobalSection(SolutionConfigurationPlatforms) = preSolution
		Debug|Any CPU = Debug|Any CPU
		Release|Any CPU = Release|Any CPU
	EndGlobalSection
	GlobalSection(ProjectConfigurationPlatforms) = postSolution
		{14D66069-C5B3-4620-B897-1307C486938E}.Debug|Any CPU.ActiveCfg = Debug|Any CPU
		{14D66069-C5B3-4620-B897-1307C486938E}.Debug|Any CPU.Build.0 = Debug|Any CPU
		{14D66069-C5B3-4620-B897-1307C486938E}.Release|Any CPU.ActiveCfg = Release|Any CPU
		{14D66069-C5B3-4620-B897-1307C486938E}.Release|Any CPU.Build.0 = Release|Any CPU
	EndGlobalSection
	GlobalSection(SolutionProperties) = preSolution
		HideSolutionNode = FALSE
	EndGlobalSection
	GlobalSection(ExtensibilityGlobals) = postSolution
		SolutionGuid = {E1996EB0-B36F-47C2-9E0B-B5F546EE40AC}
	EndGlobalSection
EndGlobal
